
Microsoft Visual Studio Solution File, Format Version 11.00
# Visual Studio 2010
Project("{2150E333-8FDC-42A3-9474-1A3956D46DE8}") = "Solution Items", "Solution Items", "{A2766910-80A9-4A96-84C8-E38831D6BD1D}"
	ProjectSection(SolutionItems) = preProject
		ReadMe.txt = ReadMe.txt
	EndProjectSection
EndProject
Project("{FAE04EC0-301F-11D3-BF4B-00C04F79EFBC}") = "TipskiNesigurneKolekcije", "TipskiNesigurneKolekcije\TipskiNesigurneKolekcije.csproj", "{6E754B35-86E6-4363-8134-CA04747053A2}"
EndProject
Project("{FAE04EC0-301F-11D3-BF4B-00C04F79EFBC}") = "GenerickeKolekcije", "GenerickeKolekcije\GenerickeKolekcije.csproj", "{62236DBD-2105-46AA-A894-EA6BF9BA8676}"
EndProject
Project("{FAE04EC0-301F-11D3-BF4B-00C04F79EFBC}") = "GenerickeKolekcijeSRazlicitimTipovima", "GenerickeKolekcijeSRazlicitimTipovima\GenerickeKolekcijeSRazlicitimTipovima.csproj", "{975C071F-702C-4520-BF67-6A63A9818A96}"
EndProject
Project("{FAE04EC0-301F-11D3-BF4B-00C04F79EFBC}") = "GenerickeKolekcijeSRazlicitimParametrima", "GenerickeKolekcijeSRazlicitimParametrima\GenerickeKolekcijeSRazlicitimParametrima.csproj", "{E3004D8A-FF6F-496D-BDD0-75C6E9BB91CF}"
EndProject
Global
	GlobalSection(SolutionConfigurationPlatforms) = preSolution
		Debug|Any CPU = Debug|Any CPU
		Release|Any CPU = Release|Any CPU
	EndGlobalSection
	GlobalSection(ProjectConfigurationPlatforms) = postSolution
		{6E754B35-86E6-4363-8134-CA04747053A2}.Debug|Any CPU.ActiveCfg = Debug|Any CPU
		{6E754B35-86E6-4363-8134-CA04747053A2}.Debug|Any CPU.Build.0 = Debug|Any CPU
		{6E754B35-86E6-4363-8134-CA04747053A2}.Release|Any CPU.ActiveCfg = Release|Any CPU
		{6E754B35-86E6-4363-8134-CA04747053A2}.Release|Any CPU.Build.0 = Release|Any CPU
		{62236DBD-2105-46AA-A894-EA6BF9BA8676}.Debug|Any CPU.ActiveCfg = Debug|Any CPU
		{62236DBD-2105-46AA-A894-EA6BF9BA8676}.Debug|Any CPU.Build.0 = Debug|Any CPU
		{62236DBD-2105-46AA-A894-EA6BF9BA8676}.Release|Any CPU.ActiveCfg = Release|Any CPU
		{62236DBD-2105-46AA-A894-EA6BF9BA8676}.Release|Any CPU.Build.0 = Release|Any CPU
		{975C071F-702C-4520-BF67-6A63A9818A96}.Debug|Any CPU.ActiveCfg = Debug|Any CPU
		{975C071F-702C-4520-BF67-6A63A9818A96}.Debug|Any CPU.Build.0 = Debug|Any CPU
		{975C071F-702C-4520-BF67-6A63A9818A96}.Release|Any CPU.ActiveCfg = Release|Any CPU
		{975C071F-702C-4520-BF67-6A63A9818A96}.Release|Any CPU.Build.0 = Release|Any CPU
		{E3004D8A-FF6F-496D-BDD0-75C6E9BB91CF}.Debug|Any CPU.ActiveCfg = Debug|Any CPU
		{E3004D8A-FF6F-496D-BDD0-75C6E9BB91CF}.Debug|Any CPU.Build.0 = Debug|Any CPU
		{E3004D8A-FF6F-496D-BDD0-75C6E9BB91CF}.Release|Any CPU.ActiveCfg = Release|Any CPU
		{E3004D8A-FF6F-496D-BDD0-75C6E9BB91CF}.Release|Any CPU.Build.0 = Release|Any CPU
	EndGlobalSection
	GlobalSection(SolutionProperties) = preSolution
		HideSolutionNode = FALSE
	EndGlobalSection
EndGlobal
